// !$*UTF8*$!
{
	archiveVersion = 1;
	classes = {
	};
	objectVersion = 46;
	objects = {

/* Begin PBXBuildFile section */
		11406BA21720BA0700296DEE /* UIKit.framework in Frameworks */ = {isa = PBXBuildFile; fileRef = 11406BA11720BA0700296DEE /* UIKit.framework */; };
		11406BA41720BA0700296DEE /* Foundation.framework in Frameworks */ = {isa = PBXBuildFile; fileRef = 11406BA31720BA0700296DEE /* Foundation.framework */; };
		11406BA61720BA0700296DEE /* CoreGraphics.framework in Frameworks */ = {isa = PBXBuildFile; fileRef = 11406BA51720BA0700296DEE /* CoreGraphics.framework */; };
		11406BAC1720BA0700296DEE /* InfoPlist.strings in Resources */ = {isa = PBXBuildFile; fileRef = 11406BAA1720BA0700296DEE /* InfoPlist.strings */; };
		11406BAE1720BA0700296DEE /* main.m in Sources */ = {isa = PBXBuildFile; fileRef = 11406BAD1720BA0700296DEE /* main.m */; };
		11406BB21720BA0700296DEE /* AppDelegate.m in Sources */ = {isa = PBXBuildFile; fileRef = 11406BB11720BA0700296DEE /* AppDelegate.m */; };
		11406BB41720BA0700296DEE /* Default.png in Resources */ = {isa = PBXBuildFile; fileRef = 11406BB31720BA0700296DEE /* Default.png */; };
		11406BB61720BA0700296DEE /* Default@2x.png in Resources */ = {isa = PBXBuildFile; fileRef = 11406BB51720BA0700296DEE /* Default@2x.png */; };
		11406BB81720BA0700296DEE /* Default-568h@2x.png in Resources */ = {isa = PBXBuildFile; fileRef = 11406BB71720BA0700296DEE /* Default-568h@2x.png */; };
		11406BBB1720BA0700296DEE /* FirstViewController.m in Sources */ = {isa = PBXBuildFile; fileRef = 11406BBA1720BA0700296DEE /* FirstViewController.m */; };
		11406BBD1720BA0700296DEE /* first.png in Resources */ = {isa = PBXBuildFile; fileRef = 11406BBC1720BA0700296DEE /* first.png */; };
		11406BBF1720BA0700296DEE /* first@2x.png in Resources */ = {isa = PBXBuildFile; fileRef = 11406BBE1720BA0700296DEE /* first@2x.png */; };
		11406BC21720BA0700296DEE /* SecondViewController.m in Sources */ = {isa = PBXBuildFile; fileRef = 11406BC11720BA0700296DEE /* SecondViewController.m */; };
		11406BC41720BA0700296DEE /* second.png in Resources */ = {isa = PBXBuildFile; fileRef = 11406BC31720BA0700296DEE /* second.png */; };
		11406BC61720BA0700296DEE /* second@2x.png in Resources */ = {isa = PBXBuildFile; fileRef = 11406BC51720BA0700296DEE /* second@2x.png */; };
		11406BC91720BA0700296DEE /* FirstViewController.xib in Resources */ = {isa = PBXBuildFile; fileRef = 11406BC71720BA0700296DEE /* FirstViewController.xib */; };
		11406BCC1720BA0700296DEE /* SecondViewController.xib in Resources */ = {isa = PBXBuildFile; fileRef = 11406BCA1720BA0700296DEE /* SecondViewController.xib */; };
		11406BD31720FD4100296DEE /* geoDetailView.xib in Resources */ = {isa = PBXBuildFile; fileRef = 11406BD21720FD4000296DEE /* geoDetailView.xib */; };
		11406BD61720FD6D00296DEE /* geoDetailViewController.m in Sources */ = {isa = PBXBuildFile; fileRef = 11406BD51720FD6C00296DEE /* geoDetailViewController.m */; };
		11406BD817219D3F00296DEE /* MapKit.framework in Frameworks */ = {isa = PBXBuildFile; fileRef = 11406BD717219D3F00296DEE /* MapKit.framework */; };
		11406BDB1721B92F00296DEE /* myMapAnnotation.m in Sources */ = {isa = PBXBuildFile; fileRef = 11406BDA1721B92E00296DEE /* myMapAnnotation.m */; };
		11406BDE1721CA6200296DEE /* BusinessNfo.m in Sources */ = {isa = PBXBuildFile; fileRef = 11406BDD1721CA6100296DEE /* BusinessNfo.m */; };
		11406BE01721DB5300296DEE /* CoreLocation.framework in Frameworks */ = {isa = PBXBuildFile; fileRef = 11406BDF1721DB5300296DEE /* CoreLocation.framework */; };
		11406BE31721DDBB00296DEE /* DataManager.m in Sources */ = {isa = PBXBuildFile; fileRef = 11406BE21721DDBA00296DEE /* DataManager.m */; };
		1178177F1725C4CF00316394 /* appIcon.png in Resources */ = {isa = PBXBuildFile; fileRef = 1178177E1725C4CF00316394 /* appIcon.png */; };
		117817811725C4D800316394 /* appIconRet.png in Resources */ = {isa = PBXBuildFile; fileRef = 117817801725C4D800316394 /* appIconRet.png */; };
		1178180C1725DB1F00316394 /* business.png in Resources */ = {isa = PBXBuildFile; fileRef = 1178180B1725DB1F00316394 /* business.png */; };
		1178180E1725DBAF00316394 /* business2.png in Resources */ = {isa = PBXBuildFile; fileRef = 1178180D1725DBAF00316394 /* business2.png */; };
/* End PBXBuildFile section */

/* Begin PBXFileReference section */
		11406B9E1720BA0700296DEE /* week3MDF1.app */ = {isa = PBXFileReference; explicitFileType = wrapper.application; includeInIndex = 0; path = week3MDF1.app; sourceTree = BUILT_PRODUCTS_DIR; };
		11406BA11720BA0700296DEE /* UIKit.framework */ = {isa = PBXFileReference; lastKnownFileType = wrapper.framework; name = UIKit.framework; path = System/Library/Frameworks/UIKit.framework; sourceTree = SDKROOT; };
		11406BA31720BA0700296DEE /* Foundation.framework */ = {isa = PBXFileReference; lastKnownFileType = wrapper.framework; name = Foundation.framework; path = System/Library/Frameworks/Foundation.framework; sourceTree = SDKROOT; };
		11406BA51720BA0700296DEE /* CoreGraphics.framework */ = {isa = PBXFileReference; lastKnownFileType = wrapper.framework; name = CoreGraphics.framework; path = System/Library/Frameworks/CoreGraphics.framework; sourceTree = SDKROOT; };
		11406BA91720BA0700296DEE /* week3MDF1-Info.plist */ = {isa = PBXFileReference; lastKnownFileType = text.plist.xml; path = "week3MDF1-Info.plist"; sourceTree = "<group>"; };
		11406BAB1720BA0700296DEE /* en */ = {isa = PBXFileReference; lastKnownFileType = text.plist.strings; name = en; path = en.lproj/InfoPlist.strings; sourceTree = "<group>"; };
		11406BAD1720BA0700296DEE /* main.m */ = {isa = PBXFileReference; lastKnownFileType = sourcecode.c.objc; path = main.m; sourceTree = "<group>"; };
		11406BAF1720BA0700296DEE /* week3MDF1-Prefix.pch */ = {isa = PBXFileReference; lastKnownFileType = sourcecode.c.h; path = "week3MDF1-Prefix.pch"; sourceTree = "<group>"; };
		11406BB01720BA0700296DEE /* AppDelegate.h */ = {isa = PBXFileReference; lastKnownFileType = sourcecode.c.h; path = AppDelegate.h; sourceTree = "<group>"; };
		11406BB11720BA0700296DEE /* AppDelegate.m */ = {isa = PBXFileReference; lastKnownFileType = sourcecode.c.objc; path = AppDelegate.m; sourceTree = "<group>"; };
		11406BB31720BA0700296DEE /* Default.png */ = {isa = PBXFileReference; lastKnownFileType = image.png; path = Default.png; sourceTree = "<group>"; };
		11406BB51720BA0700296DEE /* Default@2x.png */ = {isa = PBXFileReference; lastKnownFileType = image.png; path = "Default@2x.png"; sourceTree = "<group>"; };
		11406BB71720BA0700296DEE /* Default-568h@2x.png */ = {isa = PBXFileReference; lastKnownFileType = image.png; path = "Default-568h@2x.png"; sourceTree = "<group>"; };
		11406BB91720BA0700296DEE /* FirstViewController.h */ = {isa = PBXFileReference; lastKnownFileType = sourcecode.c.h; path = FirstViewController.h; sourceTree = "<group>"; };
		11406BBA1720BA0700296DEE /* FirstViewController.m */ = {isa = PBXFileReference; lastKnownFileType = sourcecode.c.objc; path = FirstViewController.m; sourceTree = "<group>"; };
		11406BBC1720BA0700296DEE /* first.png */ = {isa = PBXFileReference; lastKnownFileType = image.png; path = first.png; sourceTree = "<group>"; };
		11406BBE1720BA0700296DEE /* first@2x.png */ = {isa = PBXFileReference; lastKnownFileType = image.png; path = "first@2x.png"; sourceTree = "<group>"; };
		11406BC01720BA0700296DEE /* SecondViewController.h */ = {isa = PBXFileReference; lastKnownFileType = sourcecode.c.h; path = SecondViewController.h; sourceTree = "<group>"; };
		11406BC11720BA0700296DEE /* SecondViewController.m */ = {isa = PBXFileReference; lastKnownFileType = sourcecode.c.objc; path = SecondViewController.m; sourceTree = "<group>"; };
		11406BC31720BA0700296DEE /* second.png */ = {isa = PBXFileReference; lastKnownFileType = image.png; path = second.png; sourceTree = "<group>"; };
		11406BC51720BA0700296DEE /* second@2x.png */ = {isa = PBXFileReference; lastKnownFileType = image.png; path = "second@2x.png"; sourceTree = "<group>"; };
		11406BC81720BA0700296DEE /* en */ = {isa = PBXFileReference; lastKnownFileType = file.xib; name = en; path = en.lproj/FirstViewController.xib; sourceTree = "<group>"; };
		11406BCB1720BA0700296DEE /* en */ = {isa = PBXFileReference; lastKnownFileType = file.xib; name = en; path = en.lproj/SecondViewController.xib; sourceTree = "<group>"; };
		11406BD21720FD4000296DEE /* geoDetailView.xib */ = {isa = PBXFileReference; fileEncoding = 4; lastKnownFileType = file.xib; path = geoDetailView.xib; sourceTree = "<group>"; };
		11406BD41720FD6A00296DEE /* geoDetailViewController.h */ = {isa = PBXFileReference; fileEncoding = 4; lastKnownFileType = sourcecode.c.h; path = geoDetailViewController.h; sourceTree = "<group>"; };
		11406BD51720FD6C00296DEE /* geoDetailViewController.m */ = {isa = PBXFileReference; fileEncoding = 4; lastKnownFileType = sourcecode.c.objc; path = geoDetailViewController.m; sourceTree = "<group>"; };
		11406BD717219D3F00296DEE /* MapKit.framework */ = {isa = PBXFileReference; lastKnownFileType = wrapper.framework; name = MapKit.framework; path = System/Library/Frameworks/MapKit.framework; sourceTree = SDKROOT; };
		11406BD91721B92D00296DEE /* myMapAnnotation.h */ = {isa = PBXFileReference; fileEncoding = 4; lastKnownFileType = sourcecode.c.h; path = myMapAnnotation.h; sourceTree = "<group>"; };
		11406BDA1721B92E00296DEE /* myMapAnnotation.m */ = {isa = PBXFileReference; fileEncoding = 4; lastKnownFileType = sourcecode.c.objc; path = myMapAnnotation.m; sourceTree = "<group>"; };
		11406BDC1721CA6000296DEE /* BusinessNfo.h */ = {isa = PBXFileReference; fileEncoding = 4; lastKnownFileType = sourcecode.c.h; path = BusinessNfo.h; sourceTree = "<group>"; };
		11406BDD1721CA6100296DEE /* BusinessNfo.m */ = {isa = PBXFileReference; fileEncoding = 4; lastKnownFileType = sourcecode.c.objc; path = BusinessNfo.m; sourceTree = "<group>"; };
		11406BDF1721DB5300296DEE /* CoreLocation.framework */ = {isa = PBXFileReference; lastKnownFileType = wrapper.framework; name = CoreLocation.framework; path = System/Library/Frameworks/CoreLocation.framework; sourceTree = SDKROOT; };
		11406BE11721DDBA00296DEE /* DataManager.h */ = {isa = PBXFileReference; fileEncoding = 4; lastKnownFileType = sourcecode.c.h; path = DataManager.h; sourceTree = "<group>"; };
		11406BE21721DDBA00296DEE /* DataManager.m */ = {isa = PBXFileReference; fileEncoding = 4; lastKnownFileType = sourcecode.c.objc; path = DataManager.m; sourceTree = "<group>"; };
		1178177E1725C4CF00316394 /* appIcon.png */ = {isa = PBXFileReference; lastKnownFileType = image.png; path = appIcon.png; sourceTree = "<group>"; };
		117817801725C4D800316394 /* appIconRet.png */ = {isa = PBXFileReference; lastKnownFileType = image.png; path = appIconRet.png; sourceTree = "<group>"; };
		117817821725C4E500316394 /* appIcon.png */ = {isa = PBXFileReference; lastKnownFileType = image.png; path = appIcon.png; sourceTree = "<group>"; };
		117817841725C4EE00316394 /* appIconRet.png */ = {isa = PBXFileReference; lastKnownFileType = image.png; path = appIconRet.png; sourceTree = "<group>"; };
		1178180B1725DB1F00316394 /* business.png */ = {isa = PBXFileReference; lastKnownFileType = image.png; path = business.png; sourceTree = "<group>"; };
		1178180D1725DBAF00316394 /* business2.png */ = {isa = PBXFileReference; lastKnownFileType = image.png; path = business2.png; sourceTree = "<group>"; };
/* End PBXFileReference section */

/* Begin PBXFrameworksBuildPhase section */
		11406B9B1720BA0700296DEE /* Frameworks */ = {
			isa = PBXFrameworksBuildPhase;
			buildActionMask = 2147483647;
			files = (
				11406BE01721DB5300296DEE /* CoreLocation.framework in Frameworks */,
				11406BD817219D3F00296DEE /* MapKit.framework in Frameworks */,
				11406BA21720BA0700296DEE /* UIKit.framework in Frameworks */,
				11406BA41720BA0700296DEE /* Foundation.framework in Frameworks */,
				11406BA61720BA0700296DEE /* CoreGraphics.framework in Frameworks */,
			);
			runOnlyForDeploymentPostprocessing = 0;
		};
/* End PBXFrameworksBuildPhase section */

/* Begin PBXGroup section */
		11406B951720BA0700296DEE = {
			isa = PBXGroup;
			children = (
				117817841725C4EE00316394 /* appIconRet.png */,
				117817821725C4E500316394 /* appIcon.png */,
				11406BDF1721DB5300296DEE /* CoreLocation.framework */,
				11406BD717219D3F00296DEE /* MapKit.framework */,
				11406BA71720BA0700296DEE /* week3MDF1 */,
				11406BA01720BA0700296DEE /* Frameworks */,
				11406B9F1720BA0700296DEE /* Products */,
			);
			sourceTree = "<group>";
		};
		11406B9F1720BA0700296DEE /* Products */ = {
			isa = PBXGroup;
			children = (
				11406B9E1720BA0700296DEE /* week3MDF1.app */,
			);
			name = Products;
			sourceTree = "<group>";
		};
		11406BA01720BA0700296DEE /* Frameworks */ = {
			isa = PBXGroup;
			children = (
				11406BA11720BA0700296DEE /* UIKit.framework */,
				11406BA31720BA0700296DEE /* Foundation.framework */,
				11406BA51720BA0700296DEE /* CoreGraphics.framework */,
			);
			name = Frameworks;
			sourceTree = "<group>";
		};
		11406BA71720BA0700296DEE /* week3MDF1 */ = {
			isa = PBXGroup;
			children = (
				1178180D1725DBAF00316394 /* business2.png */,
				1178180B1725DB1F00316394 /* business.png */,
				117817801725C4D800316394 /* appIconRet.png */,
				1178177E1725C4CF00316394 /* appIcon.png */,
				11406BB01720BA0700296DEE /* AppDelegate.h */,
				11406BB11720BA0700296DEE /* AppDelegate.m */,
				11406BB91720BA0700296DEE /* FirstViewController.h */,
				11406BBA1720BA0700296DEE /* FirstViewController.m */,
				11406BBC1720BA0700296DEE /* first.png */,
				11406BBE1720BA0700296DEE /* first@2x.png */,
				11406BC01720BA0700296DEE /* SecondViewController.h */,
				11406BC11720BA0700296DEE /* SecondViewController.m */,
				11406BC31720BA0700296DEE /* second.png */,
				11406BC51720BA0700296DEE /* second@2x.png */,
				11406BC71720BA0700296DEE /* FirstViewController.xib */,
				11406BCA1720BA0700296DEE /* SecondViewController.xib */,
				11406BA81720BA0700296DEE /* Supporting Files */,
				11406BD21720FD4000296DEE /* geoDetailView.xib */,
				11406BD41720FD6A00296DEE /* geoDetailViewController.h */,
				11406BD51720FD6C00296DEE /* geoDetailViewController.m */,
				11406BD91721B92D00296DEE /* myMapAnnotation.h */,
				11406BDA1721B92E00296DEE /* myMapAnnotation.m */,
				11406BDC1721CA6000296DEE /* BusinessNfo.h */,
				11406BDD1721CA6100296DEE /* BusinessNfo.m */,
				11406BE11721DDBA00296DEE /* DataManager.h */,
				11406BE21721DDBA00296DEE /* DataManager.m */,
			);
			path = week3MDF1;
			sourceTree = "<group>";
		};
		11406BA81720BA0700296DEE /* Supporting Files */ = {
			isa = PBXGroup;
			children = (
				11406BA91720BA0700296DEE /* week3MDF1-Info.plist */,
				11406BAA1720BA0700296DEE /* InfoPlist.strings */,
				11406BAD1720BA0700296DEE /* main.m */,
				11406BAF1720BA0700296DEE /* week3MDF1-Prefix.pch */,
				11406BB31720BA0700296DEE /* Default.png */,
				11406BB51720BA0700296DEE /* Default@2x.png */,
				11406BB71720BA0700296DEE /* Default-568h@2x.png */,
			);
			name = "Supporting Files";
			sourceTree = "<group>";
		};
/* End PBXGroup section */

/* Begin PBXNativeTarget section */
		11406B9D1720BA0700296DEE /* week3MDF1 */ = {
			isa = PBXNativeTarget;
			buildConfigurationList = 11406BCF1720BA0700296DEE /* Build configuration list for PBXNativeTarget "week3MDF1" */;
			buildPhases = (
				11406B9A1720BA0700296DEE /* Sources */,
				11406B9B1720BA0700296DEE /* Frameworks */,
				11406B9C1720BA0700296DEE /* Resources */,
			);
			buildRules = (
			);
			dependencies = (
			);
			name = week3MDF1;
			productName = week3MDF1;
			productReference = 11406B9E1720BA0700296DEE /* week3MDF1.app */;
			productType = "com.apple.product-type.application";
		};
/* End PBXNativeTarget section */

/* Begin PBXProject section */
		11406B961720BA0700296DEE /* Project object */ = {
			isa = PBXProject;
			attributes = {
				LastUpgradeCheck = 0460;
				ORGANIZATIONNAME = "Cameron Mozie";
			};
			buildConfigurationList = 11406B991720BA0700296DEE /* Build configuration list for PBXProject "week3MDF1" */;
			compatibilityVersion = "Xcode 3.2";
			developmentRegion = English;
			hasScannedForEncodings = 0;
			knownRegions = (
				en,
			);
			mainGroup = 11406B951720BA0700296DEE;
			productRefGroup = 11406B9F1720BA0700296DEE /* Products */;
			projectDirPath = "";
			projectRoot = "";
			targets = (
				11406B9D1720BA0700296DEE /* week3MDF1 */,
			);
		};
/* End PBXProject section */

/* Begin PBXResourcesBuildPhase section */
		11406B9C1720BA0700296DEE /* Resources */ = {
			isa = PBXResourcesBuildPhase;
			buildActionMask = 2147483647;
			files = (
				11406BAC1720BA0700296DEE /* InfoPlist.strings in Resources */,
				11406BB41720BA0700296DEE /* Default.png in Resources */,
				11406BB61720BA0700296DEE /* Default@2x.png in Resources */,
				11406BB81720BA0700296DEE /* Default-568h@2x.png in Resources */,
				11406BBD1720BA0700296DEE /* first.png in Resources */,
				11406BBF1720BA0700296DEE /* first@2x.png in Resources */,
				11406BC41720BA0700296DEE /* second.png in Resources */,
				11406BC61720BA0700296DEE /* second@2x.png in Resources */,
				11406BC91720BA0700296DEE /* FirstViewController.xib in Resources */,
				11406BCC1720BA0700296DEE /* SecondViewController.xib in Resources */,
				11406BD31720FD4100296DEE /* geoDetailView.xib in Resources */,
				1178177F1725C4CF00316394 /* appIcon.png in Resources */,
				117817811725C4D800316394 /* appIconRet.png in Resources */,
				1178180C1725DB1F00316394 /* business.png in Resources */,
				1178180E1725DBAF00316394 /* business2.png in Resources */,
			);
			runOnlyForDeploymentPostprocessing = 0;
		};
/* End PBXResourcesBuildPhase section */

/* Begin PBXSourcesBuildPhase section */
		11406B9A1720BA0700296DEE /* Sources */ = {
			isa = PBXSourcesBuildPhase;
			buildActionMask = 2147483647;
			files = (
				11406BAE1720BA0700296DEE /* main.m in Sources */,
				11406BB21720BA0700296DEE /* AppDelegate.m in Sources */,
				11406BBB1720BA0700296DEE /* FirstViewController.m in Sources */,
				11406BC21720BA0700296DEE /* SecondViewController.m in Sources */,
				11406BD61720FD6D00296DEE /* geoDetailViewController.m in Sources */,
				11406BDB1721B92F00296DEE /* myMapAnnotation.m in Sources */,
				11406BDE1721CA6200296DEE /* BusinessNfo.m in Sources */,
				11406BE31721DDBB00296DEE /* DataManager.m in Sources */,
			);
			runOnlyForDeploymentPostprocessing = 0;
		};
/* End PBXSourcesBuildPhase section */

/* Begin PBXVariantGroup section */
		11406BAA1720BA0700296DEE /* InfoPlist.strings */ = {
			isa = PBXVariantGroup;
			children = (
				11406BAB1720BA0700296DEE /* en */,
			);
			name = InfoPlist.strings;
			sourceTree = "<group>";
		};
		11406BC71720BA0700296DEE /* FirstViewController.xib */ = {
			isa = PBXVariantGroup;
			children = (
				11406BC81720BA0700296DEE /* en */,
			);
			name = FirstViewController.xib;
			sourceTree = "<group>";
		};
		11406BCA1720BA0700296DEE /* SecondViewController.xib */ = {
			isa = PBXVariantGroup;
			children = (
				11406BCB1720BA0700296DEE /* en */,
			);
			name = SecondViewController.xib;
			sourceTree = "<group>";
		};
/* End PBXVariantGroup section */

/* Begin XCBuildConfiguration section */
		11406BCD1720BA0700296DEE /* Debug */ = {
			isa = XCBuildConfiguration;
			buildSettings = {
				ALWAYS_SEARCH_USER_PATHS = NO;
				CLANG_CXX_LANGUAGE_STANDARD = "gnu++0x";
				CLANG_CXX_LIBRARY = "libc++";
				CLANG_WARN_CONSTANT_CONVERSION = YES;
				CLANG_WARN_EMPTY_BODY = YES;
				CLANG_WARN_ENUM_CONVERSION = YES;
				CLANG_WARN_INT_CONVERSION = YES;
				CLANG_WARN__DUPLICATE_METHOD_MATCH = YES;
				"CODE_SIGN_IDENTITY[sdk=iphoneos*]" = "iPhone Developer";
				COPY_PHASE_STRIP = NO;
				GCC_C_LANGUAGE_STANDARD = gnu99;
				GCC_DYNAMIC_NO_PIC = NO;
				GCC_OPTIMIZATION_LEVEL = 0;
				GCC_PREPROCESSOR_DEFINITIONS = (
					"DEBUG=1",
					"$(inherited)",
				);
				GCC_SYMBOLS_PRIVATE_EXTERN = NO;
				GCC_WARN_ABOUT_RETURN_TYPE = YES;
				GCC_WARN_UNINITIALIZED_AUTOS = YES;
				GCC_WARN_UNUSED_VARIABLE = YES;
				IPHONEOS_DEPLOYMENT_TARGET = 6.1;
				ONLY_ACTIVE_ARCH = YES;
				SDKROOT = iphoneos;
			};
			name = Debug;
		};
		11406BCE1720BA0700296DEE /* Release */ = {
			isa = XCBuildConfiguration;
			buildSettings = {
				ALWAYS_SEARCH_USER_PATHS = NO;
				CLANG_CXX_LANGUAGE_STANDARD = "gnu++0x";
				CLANG_CXX_LIBRARY = "libc++";
				CLANG_WARN_CONSTANT_CONVERSION = YES;
				CLANG_WARN_EMPTY_BODY = YES;
				CLANG_WARN_ENUM_CONVERSION = YES;
				CLANG_WARN_INT_CONVERSION = YES;
				CLANG_WARN__DUPLICATE_METHOD_MATCH = YES;
				"CODE_SIGN_IDENTITY[sdk=iphoneos*]" = "iPhone Developer";
				COPY_PHASE_STRIP = YES;
				GCC_C_LANGUAGE_STANDARD = gnu99;
				GCC_WARN_ABOUT_RETURN_TYPE = YES;
				GCC_WARN_UNINITIALIZED_AUTOS = YES;
				GCC_WARN_UNUSED_VARIABLE = YES;
				IPHONEOS_DEPLOYMENT_TARGET = 6.1;
				OTHER_CFLAGS = "-DNS_BLOCK_ASSERTIONS=1";
				SDKROOT = iphoneos;
				VALIDATE_PRODUCT = YES;
			};
			name = Release;
		};
		11406BD01720BA0700296DEE /* Debug */ = {
			isa = XCBuildConfiguration;
			buildSettings = {
				GCC_PRECOMPILE_PREFIX_HEADER = YES;
				GCC_PREFIX_HEADER = "week3MDF1/week3MDF1-Prefix.pch";
				INFOPLIST_FILE = "week3MDF1/week3MDF1-Info.plist";
				PRODUCT_NAME = "$(TARGET_NAME)";
				WRAPPER_EXTENSION = app;
			};
			name = Debug;
		};
		11406BD11720BA0700296DEE /* Release */ = {
			isa = XCBuildConfiguration;
			buildSettings = {
				GCC_PRECOMPILE_PREFIX_HEADER = YES;
				GCC_PREFIX_HEADER = "week3MDF1/week3MDF1-Prefix.pch";
				INFOPLIST_FILE = "week3MDF1/week3MDF1-Info.plist";
				PRODUCT_NAME = "$(TARGET_NAME)";
				WRAPPER_EXTENSION = app;
			};
			name = Release;
		};
/* End XCBuildConfiguration section */

/* Begin XCConfigurationList section */
		11406B991720BA0700296DEE /* Build configuration list for PBXProject "week3MDF1" */ = {
			isa = XCConfigurationList;
			buildConfigurations = (
				11406BCD1720BA0700296DEE /* Debug */,
				11406BCE1720BA0700296DEE /* Release */,
			);
			defaultConfigurationIsVisible = 0;
			defaultConfigurationName = Release;
		};
		11406BCF1720BA0700296DEE /* Build configuration list for PBXNativeTarget "week3MDF1" */ = {
			isa = XCConfigurationList;
			buildConfigurations = (
				11406BD01720BA0700296DEE /* Debug */,
				11406BD11720BA0700296DEE /* Release */,
			);
			defaultConfigurationIsVisible = 0;
			defaultConfigurationName = Release;
		};
/* End XCConfigurationList section */
	};
	rootObject = 11406B961720BA0700296DEE /* Project object */;
}
