// !$*UTF8*$!
{
	archiveVersion = 1;
	classes = {
	};
	objectVersion = 46;
	objects = {

/* Begin PBXBuildFile section */
		11A7040E17187CCA003F2360 /* UIKit.framework in Frameworks */ = {isa = PBXBuildFile; fileRef = 11A7040D17187CCA003F2360 /* UIKit.framework */; };
		11A7041017187CCA003F2360 /* Foundation.framework in Frameworks */ = {isa = PBXBuildFile; fileRef = 11A7040F17187CCA003F2360 /* Foundation.framework */; };
		11A7041217187CCA003F2360 /* CoreGraphics.framework in Frameworks */ = {isa = PBXBuildFile; fileRef = 11A7041117187CCA003F2360 /* CoreGraphics.framework */; };
		11A7041817187CCA003F2360 /* InfoPlist.strings in Resources */ = {isa = PBXBuildFile; fileRef = 11A7041617187CCA003F2360 /* InfoPlist.strings */; };
		11A7041A17187CCA003F2360 /* main.m in Sources */ = {isa = PBXBuildFile; fileRef = 11A7041917187CCA003F2360 /* main.m */; };
		11A7041E17187CCA003F2360 /* AppDelegate.m in Sources */ = {isa = PBXBuildFile; fileRef = 11A7041D17187CCA003F2360 /* AppDelegate.m */; };
		11A7042017187CCA003F2360 /* Default.png in Resources */ = {isa = PBXBuildFile; fileRef = 11A7041F17187CCA003F2360 /* Default.png */; };
		11A7042217187CCA003F2360 /* Default@2x.png in Resources */ = {isa = PBXBuildFile; fileRef = 11A7042117187CCA003F2360 /* Default@2x.png */; };
		11A7042417187CCA003F2360 /* Default-568h@2x.png in Resources */ = {isa = PBXBuildFile; fileRef = 11A7042317187CCA003F2360 /* Default-568h@2x.png */; };
		11A7042717187CCA003F2360 /* ViewController.m in Sources */ = {isa = PBXBuildFile; fileRef = 11A7042617187CCA003F2360 /* ViewController.m */; };
		11A7042A17187CCA003F2360 /* ViewController.xib in Resources */ = {isa = PBXBuildFile; fileRef = 11A7042817187CCA003F2360 /* ViewController.xib */; };
/* End PBXBuildFile section */

/* Begin PBXFileReference section */
		11A7040A17187CCA003F2360 /* week2MDF1.app */ = {isa = PBXFileReference; explicitFileType = wrapper.application; includeInIndex = 0; path = week2MDF1.app; sourceTree = BUILT_PRODUCTS_DIR; };
		11A7040D17187CCA003F2360 /* UIKit.framework */ = {isa = PBXFileReference; lastKnownFileType = wrapper.framework; name = UIKit.framework; path = System/Library/Frameworks/UIKit.framework; sourceTree = SDKROOT; };
		11A7040F17187CCA003F2360 /* Foundation.framework */ = {isa = PBXFileReference; lastKnownFileType = wrapper.framework; name = Foundation.framework; path = System/Library/Frameworks/Foundation.framework; sourceTree = SDKROOT; };
		11A7041117187CCA003F2360 /* CoreGraphics.framework */ = {isa = PBXFileReference; lastKnownFileType = wrapper.framework; name = CoreGraphics.framework; path = System/Library/Frameworks/CoreGraphics.framework; sourceTree = SDKROOT; };
		11A7041517187CCA003F2360 /* week2MDF1-Info.plist */ = {isa = PBXFileReference; lastKnownFileType = text.plist.xml; path = "week2MDF1-Info.plist"; sourceTree = "<group>"; };
		11A7041717187CCA003F2360 /* en */ = {isa = PBXFileReference; lastKnownFileType = text.plist.strings; name = en; path = en.lproj/InfoPlist.strings; sourceTree = "<group>"; };
		11A7041917187CCA003F2360 /* main.m */ = {isa = PBXFileReference; lastKnownFileType = sourcecode.c.objc; path = main.m; sourceTree = "<group>"; };
		11A7041B17187CCA003F2360 /* week2MDF1-Prefix.pch */ = {isa = PBXFileReference; lastKnownFileType = sourcecode.c.h; path = "week2MDF1-Prefix.pch"; sourceTree = "<group>"; };
		11A7041C17187CCA003F2360 /* AppDelegate.h */ = {isa = PBXFileReference; lastKnownFileType = sourcecode.c.h; path = AppDelegate.h; sourceTree = "<group>"; };
		11A7041D17187CCA003F2360 /* AppDelegate.m */ = {isa = PBXFileReference; lastKnownFileType = sourcecode.c.objc; path = AppDelegate.m; sourceTree = "<group>"; };
		11A7041F17187CCA003F2360 /* Default.png */ = {isa = PBXFileReference; lastKnownFileType = image.png; path = Default.png; sourceTree = "<group>"; };
		11A7042117187CCA003F2360 /* Default@2x.png */ = {isa = PBXFileReference; lastKnownFileType = image.png; path = "Default@2x.png"; sourceTree = "<group>"; };
		11A7042317187CCA003F2360 /* Default-568h@2x.png */ = {isa = PBXFileReference; lastKnownFileType = image.png; path = "Default-568h@2x.png"; sourceTree = "<group>"; };
		11A7042517187CCA003F2360 /* ViewController.h */ = {isa = PBXFileReference; lastKnownFileType = sourcecode.c.h; path = ViewController.h; sourceTree = "<group>"; };
		11A7042617187CCA003F2360 /* ViewController.m */ = {isa = PBXFileReference; lastKnownFileType = sourcecode.c.objc; path = ViewController.m; sourceTree = "<group>"; };
		11A7042917187CCA003F2360 /* en */ = {isa = PBXFileReference; lastKnownFileType = file.xib; name = en; path = en.lproj/ViewController.xib; sourceTree = "<group>"; };
/* End PBXFileReference section */

/* Begin PBXFrameworksBuildPhase section */
		11A7040717187CCA003F2360 /* Frameworks */ = {
			isa = PBXFrameworksBuildPhase;
			buildActionMask = 2147483647;
			files = (
				11A7040E17187CCA003F2360 /* UIKit.framework in Frameworks */,
				11A7041017187CCA003F2360 /* Foundation.framework in Frameworks */,
				11A7041217187CCA003F2360 /* CoreGraphics.framework in Frameworks */,
			);
			runOnlyForDeploymentPostprocessing = 0;
		};
/* End PBXFrameworksBuildPhase section */

/* Begin PBXGroup section */
		11A7040117187CC9003F2360 = {
			isa = PBXGroup;
			children = (
				11A7041317187CCA003F2360 /* week2MDF1 */,
				11A7040C17187CCA003F2360 /* Frameworks */,
				11A7040B17187CCA003F2360 /* Products */,
			);
			sourceTree = "<group>";
		};
		11A7040B17187CCA003F2360 /* Products */ = {
			isa = PBXGroup;
			children = (
				11A7040A17187CCA003F2360 /* week2MDF1.app */,
			);
			name = Products;
			sourceTree = "<group>";
		};
		11A7040C17187CCA003F2360 /* Frameworks */ = {
			isa = PBXGroup;
			children = (
				11A7040D17187CCA003F2360 /* UIKit.framework */,
				11A7040F17187CCA003F2360 /* Foundation.framework */,
				11A7041117187CCA003F2360 /* CoreGraphics.framework */,
			);
			name = Frameworks;
			sourceTree = "<group>";
		};
		11A7041317187CCA003F2360 /* week2MDF1 */ = {
			isa = PBXGroup;
			children = (
				11A7041C17187CCA003F2360 /* AppDelegate.h */,
				11A7041D17187CCA003F2360 /* AppDelegate.m */,
				11A7042517187CCA003F2360 /* ViewController.h */,
				11A7042617187CCA003F2360 /* ViewController.m */,
				11A7042817187CCA003F2360 /* ViewController.xib */,
				11A7041417187CCA003F2360 /* Supporting Files */,
			);
			path = week2MDF1;
			sourceTree = "<group>";
		};
		11A7041417187CCA003F2360 /* Supporting Files */ = {
			isa = PBXGroup;
			children = (
				11A7041517187CCA003F2360 /* week2MDF1-Info.plist */,
				11A7041617187CCA003F2360 /* InfoPlist.strings */,
				11A7041917187CCA003F2360 /* main.m */,
				11A7041B17187CCA003F2360 /* week2MDF1-Prefix.pch */,
				11A7041F17187CCA003F2360 /* Default.png */,
				11A7042117187CCA003F2360 /* Default@2x.png */,
				11A7042317187CCA003F2360 /* Default-568h@2x.png */,
			);
			name = "Supporting Files";
			sourceTree = "<group>";
		};
/* End PBXGroup section */

/* Begin PBXNativeTarget section */
		11A7040917187CCA003F2360 /* week2MDF1 */ = {
			isa = PBXNativeTarget;
			buildConfigurationList = 11A7042D17187CCA003F2360 /* Build configuration list for PBXNativeTarget "week2MDF1" */;
			buildPhases = (
				11A7040617187CCA003F2360 /* Sources */,
				11A7040717187CCA003F2360 /* Frameworks */,
				11A7040817187CCA003F2360 /* Resources */,
			);
			buildRules = (
			);
			dependencies = (
			);
			name = week2MDF1;
			productName = week2MDF1;
			productReference = 11A7040A17187CCA003F2360 /* week2MDF1.app */;
			productType = "com.apple.product-type.application";
		};
/* End PBXNativeTarget section */

/* Begin PBXProject section */
		11A7040217187CCA003F2360 /* Project object */ = {
			isa = PBXProject;
			attributes = {
				LastUpgradeCheck = 0460;
				ORGANIZATIONNAME = "Cameron Mozie";
			};
			buildConfigurationList = 11A7040517187CCA003F2360 /* Build configuration list for PBXProject "week2MDF1" */;
			compatibilityVersion = "Xcode 3.2";
			developmentRegion = English;
			hasScannedForEncodings = 0;
			knownRegions = (
				en,
			);
			mainGroup = 11A7040117187CC9003F2360;
			productRefGroup = 11A7040B17187CCA003F2360 /* Products */;
			projectDirPath = "";
			projectRoot = "";
			targets = (
				11A7040917187CCA003F2360 /* week2MDF1 */,
			);
		};
/* End PBXProject section */

/* Begin PBXResourcesBuildPhase section */
		11A7040817187CCA003F2360 /* Resources */ = {
			isa = PBXResourcesBuildPhase;
			buildActionMask = 2147483647;
			files = (
				11A7041817187CCA003F2360 /* InfoPlist.strings in Resources */,
				11A7042017187CCA003F2360 /* Default.png in Resources */,
				11A7042217187CCA003F2360 /* Default@2x.png in Resources */,
				11A7042417187CCA003F2360 /* Default-568h@2x.png in Resources */,
				11A7042A17187CCA003F2360 /* ViewController.xib in Resources */,
			);
			runOnlyForDeploymentPostprocessing = 0;
		};
/* End PBXResourcesBuildPhase section */

/* Begin PBXSourcesBuildPhase section */
		11A7040617187CCA003F2360 /* Sources */ = {
			isa = PBXSourcesBuildPhase;
			buildActionMask = 2147483647;
			files = (
				11A7041A17187CCA003F2360 /* main.m in Sources */,
				11A7041E17187CCA003F2360 /* AppDelegate.m in Sources */,
				11A7042717187CCA003F2360 /* ViewController.m in Sources */,
			);
			runOnlyForDeploymentPostprocessing = 0;
		};
/* End PBXSourcesBuildPhase section */

/* Begin PBXVariantGroup section */
		11A7041617187CCA003F2360 /* InfoPlist.strings */ = {
			isa = PBXVariantGroup;
			children = (
				11A7041717187CCA003F2360 /* en */,
			);
			name = InfoPlist.strings;
			sourceTree = "<group>";
		};
		11A7042817187CCA003F2360 /* ViewController.xib */ = {
			isa = PBXVariantGroup;
			children = (
				11A7042917187CCA003F2360 /* en */,
			);
			name = ViewController.xib;
			sourceTree = "<group>";
		};
/* End PBXVariantGroup section */

/* Begin XCBuildConfiguration section */
		11A7042B17187CCA003F2360 /* Debug */ = {
			isa = XCBuildConfiguration;
			buildSettings = {
				ALWAYS_SEARCH_USER_PATHS = NO;
				CLANG_CXX_LANGUAGE_STANDARD = "gnu++0x";
				CLANG_CXX_LIBRARY = "libc++";
				CLANG_WARN_CONSTANT_CONVERSION = YES;
				CLANG_WARN_EMPTY_BODY = YES;
				CLANG_WARN_ENUM_CONVERSION = YES;
				CLANG_WARN_INT_CONVERSION = YES;
				CLANG_WARN__DUPLICATE_METHOD_MATCH = YES;
				"CODE_SIGN_IDENTITY[sdk=iphoneos*]" = "iPhone Developer";
				COPY_PHASE_STRIP = NO;
				GCC_C_LANGUAGE_STANDARD = gnu99;
				GCC_DYNAMIC_NO_PIC = NO;
				GCC_OPTIMIZATION_LEVEL = 0;
				GCC_PREPROCESSOR_DEFINITIONS = (
					"DEBUG=1",
					"$(inherited)",
				);
				GCC_SYMBOLS_PRIVATE_EXTERN = NO;
				GCC_WARN_ABOUT_RETURN_TYPE = YES;
				GCC_WARN_UNINITIALIZED_AUTOS = YES;
				GCC_WARN_UNUSED_VARIABLE = YES;
				IPHONEOS_DEPLOYMENT_TARGET = 6.1;
				ONLY_ACTIVE_ARCH = YES;
				SDKROOT = iphoneos;
			};
			name = Debug;
		};
		11A7042C17187CCA003F2360 /* Release */ = {
			isa = XCBuildConfiguration;
			buildSettings = {
				ALWAYS_SEARCH_USER_PATHS = NO;
				CLANG_CXX_LANGUAGE_STANDARD = "gnu++0x";
				CLANG_CXX_LIBRARY = "libc++";
				CLANG_WARN_CONSTANT_CONVERSION = YES;
				CLANG_WARN_EMPTY_BODY = YES;
				CLANG_WARN_ENUM_CONVERSION = YES;
				CLANG_WARN_INT_CONVERSION = YES;
				CLANG_WARN__DUPLICATE_METHOD_MATCH = YES;
				"CODE_SIGN_IDENTITY[sdk=iphoneos*]" = "iPhone Developer";
				COPY_PHASE_STRIP = YES;
				GCC_C_LANGUAGE_STANDARD = gnu99;
				GCC_WARN_ABOUT_RETURN_TYPE = YES;
				GCC_WARN_UNINITIALIZED_AUTOS = YES;
				GCC_WARN_UNUSED_VARIABLE = YES;
				IPHONEOS_DEPLOYMENT_TARGET = 6.1;
				OTHER_CFLAGS = "-DNS_BLOCK_ASSERTIONS=1";
				SDKROOT = iphoneos;
				VALIDATE_PRODUCT = YES;
			};
			name = Release;
		};
		11A7042E17187CCA003F2360 /* Debug */ = {
			isa = XCBuildConfiguration;
			buildSettings = {
				GCC_PRECOMPILE_PREFIX_HEADER = YES;
				GCC_PREFIX_HEADER = "week2MDF1/week2MDF1-Prefix.pch";
				INFOPLIST_FILE = "week2MDF1/week2MDF1-Info.plist";
				PRODUCT_NAME = "$(TARGET_NAME)";
				WRAPPER_EXTENSION = app;
			};
			name = Debug;
		};
		11A7042F17187CCA003F2360 /* Release */ = {
			isa = XCBuildConfiguration;
			buildSettings = {
				GCC_PRECOMPILE_PREFIX_HEADER = YES;
				GCC_PREFIX_HEADER = "week2MDF1/week2MDF1-Prefix.pch";
				INFOPLIST_FILE = "week2MDF1/week2MDF1-Info.plist";
				PRODUCT_NAME = "$(TARGET_NAME)";
				WRAPPER_EXTENSION = app;
			};
			name = Release;
		};
/* End XCBuildConfiguration section */

/* Begin XCConfigurationList section */
		11A7040517187CCA003F2360 /* Build configuration list for PBXProject "week2MDF1" */ = {
			isa = XCConfigurationList;
			buildConfigurations = (
				11A7042B17187CCA003F2360 /* Debug */,
				11A7042C17187CCA003F2360 /* Release */,
			);
			defaultConfigurationIsVisible = 0;
			defaultConfigurationName = Release;
		};
		11A7042D17187CCA003F2360 /* Build configuration list for PBXNativeTarget "week2MDF1" */ = {
			isa = XCConfigurationList;
			buildConfigurations = (
				11A7042E17187CCA003F2360 /* Debug */,
				11A7042F17187CCA003F2360 /* Release */,
			);
			defaultConfigurationIsVisible = 0;
		};
/* End XCConfigurationList section */
	};
	rootObject = 11A7040217187CCA003F2360 /* Project object */;
}
