// !$*UTF8*$!
{
	archiveVersion = 1;
	classes = {
	};
	objectVersion = 46;
	objects = {

/* Begin PBXBuildFile section */
		112FF1CC1712F235005C11E4 /* UIKit.framework in Frameworks */ = {isa = PBXBuildFile; fileRef = 112FF1CB1712F235005C11E4 /* UIKit.framework */; };
		112FF1CE1712F235005C11E4 /* Foundation.framework in Frameworks */ = {isa = PBXBuildFile; fileRef = 112FF1CD1712F235005C11E4 /* Foundation.framework */; };
		112FF1D01712F235005C11E4 /* CoreGraphics.framework in Frameworks */ = {isa = PBXBuildFile; fileRef = 112FF1CF1712F235005C11E4 /* CoreGraphics.framework */; };
		112FF1D61712F235005C11E4 /* InfoPlist.strings in Resources */ = {isa = PBXBuildFile; fileRef = 112FF1D41712F235005C11E4 /* InfoPlist.strings */; };
		112FF1D81712F235005C11E4 /* main.m in Sources */ = {isa = PBXBuildFile; fileRef = 112FF1D71712F235005C11E4 /* main.m */; };
		112FF1DC1712F235005C11E4 /* AppDelegate.m in Sources */ = {isa = PBXBuildFile; fileRef = 112FF1DB1712F235005C11E4 /* AppDelegate.m */; };
		112FF1DE1712F236005C11E4 /* Default.png in Resources */ = {isa = PBXBuildFile; fileRef = 112FF1DD1712F236005C11E4 /* Default.png */; };
		112FF1E01712F236005C11E4 /* Default@2x.png in Resources */ = {isa = PBXBuildFile; fileRef = 112FF1DF1712F236005C11E4 /* Default@2x.png */; };
		112FF1E21712F236005C11E4 /* Default-568h@2x.png in Resources */ = {isa = PBXBuildFile; fileRef = 112FF1E11712F236005C11E4 /* Default-568h@2x.png */; };
		112FF1E51712F236005C11E4 /* ViewController.m in Sources */ = {isa = PBXBuildFile; fileRef = 112FF1E41712F236005C11E4 /* ViewController.m */; };
		112FF1E81712F236005C11E4 /* ViewController.xib in Resources */ = {isa = PBXBuildFile; fileRef = 112FF1E61712F236005C11E4 /* ViewController.xib */; };
		112FF1F11712F53F005C11E4 /* SecondViewController.m in Sources */ = {isa = PBXBuildFile; fileRef = 112FF1EF1712F53F005C11E4 /* SecondViewController.m */; };
		112FF1F21712F53F005C11E4 /* SecondViewController.xib in Resources */ = {isa = PBXBuildFile; fileRef = 112FF1F01712F53F005C11E4 /* SecondViewController.xib */; };
		112FF1F417133E56005C11E4 /* CustomCellView.xib in Resources */ = {isa = PBXBuildFile; fileRef = 112FF1F317133E56005C11E4 /* CustomCellView.xib */; };
		112FF1F617136B91005C11E4 /* iphone1.png in Resources */ = {isa = PBXBuildFile; fileRef = 112FF1F517136B91005C11E4 /* iphone1.png */; };
		112FF1F817136B96005C11E4 /* iphoneRet.png in Resources */ = {isa = PBXBuildFile; fileRef = 112FF1F717136B96005C11E4 /* iphoneRet.png */; };
		112FF1FB17136DD7005C11E4 /* Default.png in Resources */ = {isa = PBXBuildFile; fileRef = 112FF1F917136C14005C11E4 /* Default.png */; };
		112FF1FD17136E6C005C11E4 /* Default@2x.png in Resources */ = {isa = PBXBuildFile; fileRef = 112FF1FC17136E6C005C11E4 /* Default@2x.png */; };
		112FF1FF17136EDC005C11E4 /* Default-568h@2x.png in Resources */ = {isa = PBXBuildFile; fileRef = 112FF1FE17136EDC005C11E4 /* Default-568h@2x.png */; };
		112FF22E171371D3005C11E4 /* HAIR2.jpg in Resources */ = {isa = PBXBuildFile; fileRef = 112FF22D171371D3005C11E4 /* HAIR2.jpg */; };
		112FF231171375B1005C11E4 /* CustomTableCell.m in Sources */ = {isa = PBXBuildFile; fileRef = 112FF230171375B0005C11E4 /* CustomTableCell.m */; };
/* End PBXBuildFile section */

/* Begin PBXFileReference section */
		112FF1C81712F235005C11E4 /* Week1MDF.app */ = {isa = PBXFileReference; explicitFileType = wrapper.application; includeInIndex = 0; path = Week1MDF.app; sourceTree = BUILT_PRODUCTS_DIR; };
		112FF1CB1712F235005C11E4 /* UIKit.framework */ = {isa = PBXFileReference; lastKnownFileType = wrapper.framework; name = UIKit.framework; path = System/Library/Frameworks/UIKit.framework; sourceTree = SDKROOT; };
		112FF1CD1712F235005C11E4 /* Foundation.framework */ = {isa = PBXFileReference; lastKnownFileType = wrapper.framework; name = Foundation.framework; path = System/Library/Frameworks/Foundation.framework; sourceTree = SDKROOT; };
		112FF1CF1712F235005C11E4 /* CoreGraphics.framework */ = {isa = PBXFileReference; lastKnownFileType = wrapper.framework; name = CoreGraphics.framework; path = System/Library/Frameworks/CoreGraphics.framework; sourceTree = SDKROOT; };
		112FF1D31712F235005C11E4 /* Week1MDF-Info.plist */ = {isa = PBXFileReference; lastKnownFileType = text.plist.xml; path = "Week1MDF-Info.plist"; sourceTree = "<group>"; };
		112FF1D51712F235005C11E4 /* en */ = {isa = PBXFileReference; lastKnownFileType = text.plist.strings; name = en; path = en.lproj/InfoPlist.strings; sourceTree = "<group>"; };
		112FF1D71712F235005C11E4 /* main.m */ = {isa = PBXFileReference; lastKnownFileType = sourcecode.c.objc; path = main.m; sourceTree = "<group>"; };
		112FF1D91712F235005C11E4 /* Week1MDF-Prefix.pch */ = {isa = PBXFileReference; lastKnownFileType = sourcecode.c.h; path = "Week1MDF-Prefix.pch"; sourceTree = "<group>"; };
		112FF1DA1712F235005C11E4 /* AppDelegate.h */ = {isa = PBXFileReference; lastKnownFileType = sourcecode.c.h; path = AppDelegate.h; sourceTree = "<group>"; };
		112FF1DB1712F235005C11E4 /* AppDelegate.m */ = {isa = PBXFileReference; lastKnownFileType = sourcecode.c.objc; path = AppDelegate.m; sourceTree = "<group>"; };
		112FF1DD1712F236005C11E4 /* Default.png */ = {isa = PBXFileReference; lastKnownFileType = image.png; path = Default.png; sourceTree = "<group>"; };
		112FF1DF1712F236005C11E4 /* Default@2x.png */ = {isa = PBXFileReference; lastKnownFileType = image.png; path = "Default@2x.png"; sourceTree = "<group>"; };
		112FF1E11712F236005C11E4 /* Default-568h@2x.png */ = {isa = PBXFileReference; lastKnownFileType = image.png; path = "Default-568h@2x.png"; sourceTree = "<group>"; };
		112FF1E31712F236005C11E4 /* ViewController.h */ = {isa = PBXFileReference; lastKnownFileType = sourcecode.c.h; path = ViewController.h; sourceTree = "<group>"; };
		112FF1E41712F236005C11E4 /* ViewController.m */ = {isa = PBXFileReference; lastKnownFileType = sourcecode.c.objc; path = ViewController.m; sourceTree = "<group>"; };
		112FF1E71712F236005C11E4 /* en */ = {isa = PBXFileReference; lastKnownFileType = file.xib; name = en; path = en.lproj/ViewController.xib; sourceTree = "<group>"; };
		112FF1EE1712F53F005C11E4 /* SecondViewController.h */ = {isa = PBXFileReference; fileEncoding = 4; lastKnownFileType = sourcecode.c.h; path = SecondViewController.h; sourceTree = "<group>"; };
		112FF1EF1712F53F005C11E4 /* SecondViewController.m */ = {isa = PBXFileReference; fileEncoding = 4; lastKnownFileType = sourcecode.c.objc; path = SecondViewController.m; sourceTree = "<group>"; };
		112FF1F01712F53F005C11E4 /* SecondViewController.xib */ = {isa = PBXFileReference; fileEncoding = 4; lastKnownFileType = file.xib; path = SecondViewController.xib; sourceTree = "<group>"; };
		112FF1F317133E56005C11E4 /* CustomCellView.xib */ = {isa = PBXFileReference; fileEncoding = 4; lastKnownFileType = file.xib; path = CustomCellView.xib; sourceTree = "<group>"; };
		112FF1F517136B91005C11E4 /* iphone1.png */ = {isa = PBXFileReference; lastKnownFileType = image.png; path = iphone1.png; sourceTree = "<group>"; };
		112FF1F717136B96005C11E4 /* iphoneRet.png */ = {isa = PBXFileReference; lastKnownFileType = image.png; path = iphoneRet.png; sourceTree = "<group>"; };
		112FF1F917136C14005C11E4 /* Default.png */ = {isa = PBXFileReference; lastKnownFileType = image.png; path = Default.png; sourceTree = "<group>"; };
		112FF1FC17136E6C005C11E4 /* Default@2x.png */ = {isa = PBXFileReference; lastKnownFileType = image.png; path = "Default@2x.png"; sourceTree = "<group>"; };
		112FF1FE17136EDC005C11E4 /* Default-568h@2x.png */ = {isa = PBXFileReference; lastKnownFileType = image.png; path = "Default-568h@2x.png"; sourceTree = "<group>"; };
		112FF22D171371D3005C11E4 /* HAIR2.jpg */ = {isa = PBXFileReference; lastKnownFileType = image.jpeg; name = HAIR2.jpg; path = ../../../HAIR2.jpg; sourceTree = "<group>"; };
		112FF22F171375B0005C11E4 /* CustomTableCell.h */ = {isa = PBXFileReference; fileEncoding = 4; lastKnownFileType = sourcecode.c.h; path = CustomTableCell.h; sourceTree = "<group>"; };
		112FF230171375B0005C11E4 /* CustomTableCell.m */ = {isa = PBXFileReference; fileEncoding = 4; lastKnownFileType = sourcecode.c.objc; path = CustomTableCell.m; sourceTree = "<group>"; };
/* End PBXFileReference section */

/* Begin PBXFrameworksBuildPhase section */
		112FF1C51712F235005C11E4 /* Frameworks */ = {
			isa = PBXFrameworksBuildPhase;
			buildActionMask = 2147483647;
			files = (
				112FF1CC1712F235005C11E4 /* UIKit.framework in Frameworks */,
				112FF1CE1712F235005C11E4 /* Foundation.framework in Frameworks */,
				112FF1D01712F235005C11E4 /* CoreGraphics.framework in Frameworks */,
			);
			runOnlyForDeploymentPostprocessing = 0;
		};
/* End PBXFrameworksBuildPhase section */

/* Begin PBXGroup section */
		112FF1BF1712F235005C11E4 = {
			isa = PBXGroup;
			children = (
				112FF1FE17136EDC005C11E4 /* Default-568h@2x.png */,
				112FF1FC17136E6C005C11E4 /* Default@2x.png */,
				112FF1F917136C14005C11E4 /* Default.png */,
				112FF1F717136B96005C11E4 /* iphoneRet.png */,
				112FF1F517136B91005C11E4 /* iphone1.png */,
				112FF1D11712F235005C11E4 /* Week1MDF */,
				112FF1CA1712F235005C11E4 /* Frameworks */,
				112FF1C91712F235005C11E4 /* Products */,
			);
			sourceTree = "<group>";
		};
		112FF1C91712F235005C11E4 /* Products */ = {
			isa = PBXGroup;
			children = (
				112FF1C81712F235005C11E4 /* Week1MDF.app */,
			);
			name = Products;
			sourceTree = "<group>";
		};
		112FF1CA1712F235005C11E4 /* Frameworks */ = {
			isa = PBXGroup;
			children = (
				112FF1CB1712F235005C11E4 /* UIKit.framework */,
				112FF1CD1712F235005C11E4 /* Foundation.framework */,
				112FF1CF1712F235005C11E4 /* CoreGraphics.framework */,
			);
			name = Frameworks;
			sourceTree = "<group>";
		};
		112FF1D11712F235005C11E4 /* Week1MDF */ = {
			isa = PBXGroup;
			children = (
				112FF22D171371D3005C11E4 /* HAIR2.jpg */,
				112FF1DA1712F235005C11E4 /* AppDelegate.h */,
				112FF1DB1712F235005C11E4 /* AppDelegate.m */,
				112FF1E31712F236005C11E4 /* ViewController.h */,
				112FF1E41712F236005C11E4 /* ViewController.m */,
				112FF1E61712F236005C11E4 /* ViewController.xib */,
				112FF1D21712F235005C11E4 /* Supporting Files */,
				112FF1EE1712F53F005C11E4 /* SecondViewController.h */,
				112FF1EF1712F53F005C11E4 /* SecondViewController.m */,
				112FF1F01712F53F005C11E4 /* SecondViewController.xib */,
				112FF1F317133E56005C11E4 /* CustomCellView.xib */,
				112FF22F171375B0005C11E4 /* CustomTableCell.h */,
				112FF230171375B0005C11E4 /* CustomTableCell.m */,
			);
			path = Week1MDF;
			sourceTree = "<group>";
		};
		112FF1D21712F235005C11E4 /* Supporting Files */ = {
			isa = PBXGroup;
			children = (
				112FF1D31712F235005C11E4 /* Week1MDF-Info.plist */,
				112FF1D41712F235005C11E4 /* InfoPlist.strings */,
				112FF1D71712F235005C11E4 /* main.m */,
				112FF1D91712F235005C11E4 /* Week1MDF-Prefix.pch */,
				112FF1DD1712F236005C11E4 /* Default.png */,
				112FF1DF1712F236005C11E4 /* Default@2x.png */,
				112FF1E11712F236005C11E4 /* Default-568h@2x.png */,
			);
			name = "Supporting Files";
			sourceTree = "<group>";
		};
/* End PBXGroup section */

/* Begin PBXNativeTarget section */
		112FF1C71712F235005C11E4 /* Week1MDF */ = {
			isa = PBXNativeTarget;
			buildConfigurationList = 112FF1EB1712F236005C11E4 /* Build configuration list for PBXNativeTarget "Week1MDF" */;
			buildPhases = (
				112FF1C41712F235005C11E4 /* Sources */,
				112FF1C51712F235005C11E4 /* Frameworks */,
				112FF1C61712F235005C11E4 /* Resources */,
			);
			buildRules = (
			);
			dependencies = (
			);
			name = Week1MDF;
			productName = Week1MDF;
			productReference = 112FF1C81712F235005C11E4 /* Week1MDF.app */;
			productType = "com.apple.product-type.application";
		};
/* End PBXNativeTarget section */

/* Begin PBXProject section */
		112FF1C01712F235005C11E4 /* Project object */ = {
			isa = PBXProject;
			attributes = {
				LastUpgradeCheck = 0460;
				ORGANIZATIONNAME = "Cameron Mozie";
			};
			buildConfigurationList = 112FF1C31712F235005C11E4 /* Build configuration list for PBXProject "Week1MDF" */;
			compatibilityVersion = "Xcode 3.2";
			developmentRegion = English;
			hasScannedForEncodings = 0;
			knownRegions = (
				en,
			);
			mainGroup = 112FF1BF1712F235005C11E4;
			productRefGroup = 112FF1C91712F235005C11E4 /* Products */;
			projectDirPath = "";
			projectRoot = "";
			targets = (
				112FF1C71712F235005C11E4 /* Week1MDF */,
			);
		};
/* End PBXProject section */

/* Begin PBXResourcesBuildPhase section */
		112FF1C61712F235005C11E4 /* Resources */ = {
			isa = PBXResourcesBuildPhase;
			buildActionMask = 2147483647;
			files = (
				112FF1D61712F235005C11E4 /* InfoPlist.strings in Resources */,
				112FF1DE1712F236005C11E4 /* Default.png in Resources */,
				112FF1E01712F236005C11E4 /* Default@2x.png in Resources */,
				112FF1E21712F236005C11E4 /* Default-568h@2x.png in Resources */,
				112FF1E81712F236005C11E4 /* ViewController.xib in Resources */,
				112FF1F21712F53F005C11E4 /* SecondViewController.xib in Resources */,
				112FF1F417133E56005C11E4 /* CustomCellView.xib in Resources */,
				112FF1F617136B91005C11E4 /* iphone1.png in Resources */,
				112FF1F817136B96005C11E4 /* iphoneRet.png in Resources */,
				112FF1FB17136DD7005C11E4 /* Default.png in Resources */,
				112FF1FD17136E6C005C11E4 /* Default@2x.png in Resources */,
				112FF1FF17136EDC005C11E4 /* Default-568h@2x.png in Resources */,
				112FF22E171371D3005C11E4 /* HAIR2.jpg in Resources */,
			);
			runOnlyForDeploymentPostprocessing = 0;
		};
/* End PBXResourcesBuildPhase section */

/* Begin PBXSourcesBuildPhase section */
		112FF1C41712F235005C11E4 /* Sources */ = {
			isa = PBXSourcesBuildPhase;
			buildActionMask = 2147483647;
			files = (
				112FF1D81712F235005C11E4 /* main.m in Sources */,
				112FF1DC1712F235005C11E4 /* AppDelegate.m in Sources */,
				112FF1E51712F236005C11E4 /* ViewController.m in Sources */,
				112FF1F11712F53F005C11E4 /* SecondViewController.m in Sources */,
				112FF231171375B1005C11E4 /* CustomTableCell.m in Sources */,
			);
			runOnlyForDeploymentPostprocessing = 0;
		};
/* End PBXSourcesBuildPhase section */

/* Begin PBXVariantGroup section */
		112FF1D41712F235005C11E4 /* InfoPlist.strings */ = {
			isa = PBXVariantGroup;
			children = (
				112FF1D51712F235005C11E4 /* en */,
			);
			name = InfoPlist.strings;
			sourceTree = "<group>";
		};
		112FF1E61712F236005C11E4 /* ViewController.xib */ = {
			isa = PBXVariantGroup;
			children = (
				112FF1E71712F236005C11E4 /* en */,
			);
			name = ViewController.xib;
			sourceTree = "<group>";
		};
/* End PBXVariantGroup section */

/* Begin XCBuildConfiguration section */
		112FF1E91712F236005C11E4 /* Debug */ = {
			isa = XCBuildConfiguration;
			buildSettings = {
				ALWAYS_SEARCH_USER_PATHS = NO;
				CLANG_CXX_LANGUAGE_STANDARD = "gnu++0x";
				CLANG_CXX_LIBRARY = "libc++";
				CLANG_WARN_CONSTANT_CONVERSION = YES;
				CLANG_WARN_EMPTY_BODY = YES;
				CLANG_WARN_ENUM_CONVERSION = YES;
				CLANG_WARN_INT_CONVERSION = YES;
				CLANG_WARN__DUPLICATE_METHOD_MATCH = YES;
				"CODE_SIGN_IDENTITY[sdk=iphoneos*]" = "iPhone Developer";
				COPY_PHASE_STRIP = NO;
				GCC_C_LANGUAGE_STANDARD = gnu99;
				GCC_DYNAMIC_NO_PIC = NO;
				GCC_OPTIMIZATION_LEVEL = 0;
				GCC_PREPROCESSOR_DEFINITIONS = (
					"DEBUG=1",
					"$(inherited)",
				);
				GCC_SYMBOLS_PRIVATE_EXTERN = NO;
				GCC_WARN_ABOUT_RETURN_TYPE = YES;
				GCC_WARN_UNINITIALIZED_AUTOS = YES;
				GCC_WARN_UNUSED_VARIABLE = YES;
				IPHONEOS_DEPLOYMENT_TARGET = 6.1;
				ONLY_ACTIVE_ARCH = YES;
				SDKROOT = iphoneos;
			};
			name = Debug;
		};
		112FF1EA1712F236005C11E4 /* Release */ = {
			isa = XCBuildConfiguration;
			buildSettings = {
				ALWAYS_SEARCH_USER_PATHS = NO;
				CLANG_CXX_LANGUAGE_STANDARD = "gnu++0x";
				CLANG_CXX_LIBRARY = "libc++";
				CLANG_WARN_CONSTANT_CONVERSION = YES;
				CLANG_WARN_EMPTY_BODY = YES;
				CLANG_WARN_ENUM_CONVERSION = YES;
				CLANG_WARN_INT_CONVERSION = YES;
				CLANG_WARN__DUPLICATE_METHOD_MATCH = YES;
				"CODE_SIGN_IDENTITY[sdk=iphoneos*]" = "iPhone Developer";
				COPY_PHASE_STRIP = YES;
				GCC_C_LANGUAGE_STANDARD = gnu99;
				GCC_WARN_ABOUT_RETURN_TYPE = YES;
				GCC_WARN_UNINITIALIZED_AUTOS = YES;
				GCC_WARN_UNUSED_VARIABLE = YES;
				IPHONEOS_DEPLOYMENT_TARGET = 6.1;
				OTHER_CFLAGS = "-DNS_BLOCK_ASSERTIONS=1";
				SDKROOT = iphoneos;
				VALIDATE_PRODUCT = YES;
			};
			name = Release;
		};
		112FF1EC1712F236005C11E4 /* Debug */ = {
			isa = XCBuildConfiguration;
			buildSettings = {
				GCC_PRECOMPILE_PREFIX_HEADER = YES;
				GCC_PREFIX_HEADER = "Week1MDF/Week1MDF-Prefix.pch";
				INFOPLIST_FILE = "Week1MDF/Week1MDF-Info.plist";
				PRODUCT_NAME = "$(TARGET_NAME)";
				WRAPPER_EXTENSION = app;
			};
			name = Debug;
		};
		112FF1ED1712F236005C11E4 /* Release */ = {
			isa = XCBuildConfiguration;
			buildSettings = {
				GCC_PRECOMPILE_PREFIX_HEADER = YES;
				GCC_PREFIX_HEADER = "Week1MDF/Week1MDF-Prefix.pch";
				INFOPLIST_FILE = "Week1MDF/Week1MDF-Info.plist";
				PRODUCT_NAME = "$(TARGET_NAME)";
				WRAPPER_EXTENSION = app;
			};
			name = Release;
		};
/* End XCBuildConfiguration section */

/* Begin XCConfigurationList section */
		112FF1C31712F235005C11E4 /* Build configuration list for PBXProject "Week1MDF" */ = {
			isa = XCConfigurationList;
			buildConfigurations = (
				112FF1E91712F236005C11E4 /* Debug */,
				112FF1EA1712F236005C11E4 /* Release */,
			);
			defaultConfigurationIsVisible = 0;
			defaultConfigurationName = Release;
		};
		112FF1EB1712F236005C11E4 /* Build configuration list for PBXNativeTarget "Week1MDF" */ = {
			isa = XCConfigurationList;
			buildConfigurations = (
				112FF1EC1712F236005C11E4 /* Debug */,
				112FF1ED1712F236005C11E4 /* Release */,
			);
			defaultConfigurationIsVisible = 0;
			defaultConfigurationName = Release;
		};
/* End XCConfigurationList section */
	};
	rootObject = 112FF1C01712F235005C11E4 /* Project object */;
}
